
Microsoft Visual Studio Solution File, Format Version 12.00
# Visual Studio 15
VisualStudioVersion = 15.0.27004.2005
MinimumVisualStudioVersion = 10.0.40219.1
Project("{9A19103F-16F7-4668-BE54-9A1E7A4F7556}") = "ConsoleAppCore", "ConsoleAppCore\ConsoleAppCore.csproj", "{ECF93D95-5096-497E-B4B8-83416DABB516}"
EndProject
Project("{FAE04EC0-301F-11D3-BF4B-00C04F79EFBC}") = "ConsoleApp2", "ConsoleApp2\ConsoleApp2.csproj", "{E927D41B-357D-40B8-8A61-5F0C9680F48F}"
EndProject
Project("{FAE04EC0-301F-11D3-BF4B-00C04F79EFBC}") = "ConsoleApp3", "ConsoleApp3\ConsoleApp3.csproj", "{4CB8CBBC-36AB-4521-869D-D64DE496F229}"
EndProject
Global
	GlobalSection(SolutionConfigurationPlatforms) = preSolution
		Debug|Any CPU = Debug|Any CPU
		Release|Any CPU = Release|Any CPU
	EndGlobalSection
	GlobalSection(ProjectConfigurationPlatforms) = postSolution
		{ECF93D95-5096-497E-B4B8-83416DABB516}.Debug|Any CPU.ActiveCfg = Debug|Any CPU
		{ECF93D95-5096-497E-B4B8-83416DABB516}.Debug|Any CPU.Build.0 = Debug|Any CPU
		{ECF93D95-5096-497E-B4B8-83416DABB516}.Release|Any CPU.ActiveCfg = Release|Any CPU
		{ECF93D95-5096-497E-B4B8-83416DABB516}.Release|Any CPU.Build.0 = Release|Any CPU
		{E927D41B-357D-40B8-8A61-5F0C9680F48F}.Debug|Any CPU.ActiveCfg = Debug|Any CPU
		{E927D41B-357D-40B8-8A61-5F0C9680F48F}.Debug|Any CPU.Build.0 = Debug|Any CPU
		{E927D41B-357D-40B8-8A61-5F0C9680F48F}.Release|Any CPU.ActiveCfg = Release|Any CPU
		{E927D41B-357D-40B8-8A61-5F0C9680F48F}.Release|Any CPU.Build.0 = Release|Any CPU
		{4CB8CBBC-36AB-4521-869D-D64DE496F229}.Debug|Any CPU.ActiveCfg = Debug|Any CPU
		{4CB8CBBC-36AB-4521-869D-D64DE496F229}.Release|Any CPU.ActiveCfg = Release|Any CPU
		{4CB8CBBC-36AB-4521-869D-D64DE496F229}.Release|Any CPU.Build.0 = Release|Any CPU
	EndGlobalSection
	GlobalSection(SolutionProperties) = preSolution
		HideSolutionNode = FALSE
	EndGlobalSection
	GlobalSection(ExtensibilityGlobals) = postSolution
		SolutionGuid = {42B8A722-6E63-49EB-AAFD-16C45698303C}
	EndGlobalSection
EndGlobal
